
Microsoft Visual Studio Solution File, Format Version 11.00
# Visual Studio 2010
Project("{FAE04EC0-301F-11D3-BF4B-00C04F79EFBC}") = "046cameranim", "046cameranim.csproj", "{7A6A64E4-FC89-45A6-8E34-2D2106B02B8E}"
EndProject
Global
	GlobalSection(SolutionConfigurationPlatforms) = preSolution
		Debug|Any CPU = Debug|Any CPU
		Release|Any CPU = Release|Any CPU
	EndGlobalSection
	GlobalSection(ProjectConfigurationPlatforms) = postSolution
		{7A6A64E4-FC89-45A6-8E34-2D2106B02B8E}.Debug|Any CPU.ActiveCfg = Debug|Any CPU
		{7A6A64E4-FC89-45A6-8E34-2D2106B02B8E}.Debug|Any CPU.Build.0 = Debug|Any CPU
		{7A6A64E4-FC89-45A6-8E34-2D2106B02B8E}.Release|Any CPU.ActiveCfg = Release|Any CPU
		{7A6A64E4-FC89-45A6-8E34-2D2106B02B8E}.Release|Any CPU.Build.0 = Release|Any CPU
	EndGlobalSection
	GlobalSection(SolutionProperties) = preSolution
		HideSolutionNode = FALSE
	EndGlobalSection
EndGlobal
