
Microsoft Visual Studio Solution File, Format Version 11.00
# Visual Studio 2010
Project("{FAE04EC0-301F-11D3-BF4B-00C04F79EFBC}") = "075animation", "075animation.csproj", "{12309BC1-6C90-4B28-8083-0D4313F2FD78}"
EndProject
Global
	GlobalSection(SolutionConfigurationPlatforms) = preSolution
		Debug|x64 = Debug|x64
		Release|x64 = Release|x64
	EndGlobalSection
	GlobalSection(ProjectConfigurationPlatforms) = postSolution
		{12309BC1-6C90-4B28-8083-0D4313F2FD78}.Debug|x64.ActiveCfg = Debug|x64
		{12309BC1-6C90-4B28-8083-0D4313F2FD78}.Debug|x64.Build.0 = Debug|x64
		{12309BC1-6C90-4B28-8083-0D4313F2FD78}.Release|x64.ActiveCfg = Release|x64
		{12309BC1-6C90-4B28-8083-0D4313F2FD78}.Release|x64.Build.0 = Release|x64
	EndGlobalSection
	GlobalSection(SolutionProperties) = preSolution
		HideSolutionNode = FALSE
	EndGlobalSection
EndGlobal
