
Microsoft Visual Studio Solution File, Format Version 12.00
# Visual Studio 15
VisualStudioVersion = 15.0.27428.2015
MinimumVisualStudioVersion = 10.0.40219.1
Project("{FAE04EC0-301F-11D3-BF4B-00C04F79EFBC}") = "048rtmontecarlo", "048rtmontecarlo.csproj", "{613CB738-142D-499A-98BD-31F8AECE7A5C}"
EndProject
Global
	GlobalSection(SolutionConfigurationPlatforms) = preSolution
		Debug|Any CPU = Debug|Any CPU
		Release|Any CPU = Release|Any CPU
	EndGlobalSection
	GlobalSection(ProjectConfigurationPlatforms) = postSolution
		{613CB738-142D-499A-98BD-31F8AECE7A5C}.Debug|Any CPU.ActiveCfg = Debug|Any CPU
		{613CB738-142D-499A-98BD-31F8AECE7A5C}.Debug|Any CPU.Build.0 = Debug|Any CPU
		{613CB738-142D-499A-98BD-31F8AECE7A5C}.Release|Any CPU.ActiveCfg = Release|Any CPU
		{613CB738-142D-499A-98BD-31F8AECE7A5C}.Release|Any CPU.Build.0 = Release|Any CPU
	EndGlobalSection
	GlobalSection(SolutionProperties) = preSolution
		HideSolutionNode = FALSE
	EndGlobalSection
	GlobalSection(ExtensibilityGlobals) = postSolution
		SolutionGuid = {071D77AE-D3D4-4F50-BA9A-2247F01702AB}
	EndGlobalSection
EndGlobal
