
Microsoft Visual Studio Solution File, Format Version 11.00
# Visual Studio 2010
Project("{FAE04EC0-301F-11D3-BF4B-00C04F79EFBC}") = "037floodfill", "037floodfill.csproj", "{DA2FCA62-99C9-4247-B966-578B406A8B31}"
EndProject
Global
	GlobalSection(SolutionConfigurationPlatforms) = preSolution
		Debug|Any CPU = Debug|Any CPU
		Release|Any CPU = Release|Any CPU
	EndGlobalSection
	GlobalSection(ProjectConfigurationPlatforms) = postSolution
		{DA2FCA62-99C9-4247-B966-578B406A8B31}.Debug|Any CPU.ActiveCfg = Debug|Any CPU
		{DA2FCA62-99C9-4247-B966-578B406A8B31}.Debug|Any CPU.Build.0 = Debug|Any CPU
		{DA2FCA62-99C9-4247-B966-578B406A8B31}.Release|Any CPU.ActiveCfg = Release|Any CPU
		{DA2FCA62-99C9-4247-B966-578B406A8B31}.Release|Any CPU.Build.0 = Release|Any CPU
	EndGlobalSection
	GlobalSection(SolutionProperties) = preSolution
		HideSolutionNode = FALSE
	EndGlobalSection
EndGlobal
