
Microsoft Visual Studio Solution File, Format Version 12.00
# Visual Studio 15
VisualStudioVersion = 15.0.27428.2015
MinimumVisualStudioVersion = 10.0.40219.1
Project("{FAE04EC0-301F-11D3-BF4B-00C04F79EFBC}") = "049distributedrt", "049distributedrt.csproj", "{266B28D1-9250-4CCA-BBD5-0F0753728119}"
EndProject
Global
	GlobalSection(SolutionConfigurationPlatforms) = preSolution
		Debug|Any CPU = Debug|Any CPU
		Release|Any CPU = Release|Any CPU
	EndGlobalSection
	GlobalSection(ProjectConfigurationPlatforms) = postSolution
		{266B28D1-9250-4CCA-BBD5-0F0753728119}.Debug|Any CPU.ActiveCfg = Debug|Any CPU
		{266B28D1-9250-4CCA-BBD5-0F0753728119}.Debug|Any CPU.Build.0 = Debug|Any CPU
		{266B28D1-9250-4CCA-BBD5-0F0753728119}.Release|Any CPU.ActiveCfg = Release|Any CPU
		{266B28D1-9250-4CCA-BBD5-0F0753728119}.Release|Any CPU.Build.0 = Release|Any CPU
	EndGlobalSection
	GlobalSection(SolutionProperties) = preSolution
		HideSolutionNode = FALSE
	EndGlobalSection
	GlobalSection(ExtensibilityGlobals) = postSolution
		SolutionGuid = {F6FDC4F5-32D7-4A3C-8049-32CF0802B225}
	EndGlobalSection
EndGlobal
