
Microsoft Visual Studio Solution File, Format Version 12.00
# Visual Studio Version 16
VisualStudioVersion = 16.0.29326.143
MinimumVisualStudioVersion = 10.0.40219.1
Project("{FAE04EC0-301F-11D3-BF4B-00C04F79EFBC}") = "117raster", "117raster.csproj", "{1F89D717-B960-4FC5-B032-26DFDD213EF2}"
EndProject
Global
	GlobalSection(SolutionConfigurationPlatforms) = preSolution
		Debug|Any CPU = Debug|Any CPU
		Debug|x64 = Debug|x64
		Release|Any CPU = Release|Any CPU
		Release|x64 = Release|x64
	EndGlobalSection
	GlobalSection(ProjectConfigurationPlatforms) = postSolution
		{1F89D717-B960-4FC5-B032-26DFDD213EF2}.Debug|Any CPU.ActiveCfg = Debug|Any CPU
		{1F89D717-B960-4FC5-B032-26DFDD213EF2}.Debug|Any CPU.Build.0 = Debug|Any CPU
		{1F89D717-B960-4FC5-B032-26DFDD213EF2}.Debug|x64.ActiveCfg = Debug|x64
		{1F89D717-B960-4FC5-B032-26DFDD213EF2}.Debug|x64.Build.0 = Debug|x64
		{1F89D717-B960-4FC5-B032-26DFDD213EF2}.Release|Any CPU.ActiveCfg = Release|Any CPU
		{1F89D717-B960-4FC5-B032-26DFDD213EF2}.Release|Any CPU.Build.0 = Release|Any CPU
		{1F89D717-B960-4FC5-B032-26DFDD213EF2}.Release|x64.ActiveCfg = Release|x64
		{1F89D717-B960-4FC5-B032-26DFDD213EF2}.Release|x64.Build.0 = Release|x64
	EndGlobalSection
	GlobalSection(SolutionProperties) = preSolution
		HideSolutionNode = FALSE
	EndGlobalSection
	GlobalSection(ExtensibilityGlobals) = postSolution
		SolutionGuid = {00DBA0A5-5E1C-440B-90A3-D90DB34F39F6}
	EndGlobalSection
EndGlobal
