
Microsoft Visual Studio Solution File, Format Version 12.00
# Visual Studio 15
VisualStudioVersion = 15.0.28307.168
MinimumVisualStudioVersion = 10.0.40219.1
Project("{FAE04EC0-301F-11D3-BF4B-00C04F79EFBC}") = "058marbles", "058marbles.csproj", "{AC7768A5-53F7-4CAC-9A78-7E235EFC5FBF}"
EndProject
Global
	GlobalSection(SolutionConfigurationPlatforms) = preSolution
		Debug|x86 = Debug|x86
		Release|x86 = Release|x86
	EndGlobalSection
	GlobalSection(ProjectConfigurationPlatforms) = postSolution
		{AC7768A5-53F7-4CAC-9A78-7E235EFC5FBF}.Debug|x86.ActiveCfg = Debug|x86
		{AC7768A5-53F7-4CAC-9A78-7E235EFC5FBF}.Debug|x86.Build.0 = Debug|x86
		{AC7768A5-53F7-4CAC-9A78-7E235EFC5FBF}.Release|x86.ActiveCfg = Release|x86
		{AC7768A5-53F7-4CAC-9A78-7E235EFC5FBF}.Release|x86.Build.0 = Release|x86
	EndGlobalSection
	GlobalSection(SolutionProperties) = preSolution
		HideSolutionNode = FALSE
	EndGlobalSection
	GlobalSection(ExtensibilityGlobals) = postSolution
		SolutionGuid = {69319DC9-89FD-4B44-B908-6F3FFBF94895}
	EndGlobalSection
EndGlobal
