
Microsoft Visual Studio Solution File, Format Version 11.00
# Visual Studio 2010
Project("{FAE04EC0-301F-11D3-BF4B-00C04F79EFBC}") = "040morph3d", "040morph3d.csproj", "{8657B47C-E9EE-4FE3-ABC3-E397518AB4DC}"
EndProject
Global
	GlobalSection(SolutionConfigurationPlatforms) = preSolution
		Debug|Any CPU = Debug|Any CPU
		Release|Any CPU = Release|Any CPU
	EndGlobalSection
	GlobalSection(ProjectConfigurationPlatforms) = postSolution
		{8657B47C-E9EE-4FE3-ABC3-E397518AB4DC}.Debug|Any CPU.ActiveCfg = Debug|Any CPU
		{8657B47C-E9EE-4FE3-ABC3-E397518AB4DC}.Debug|Any CPU.Build.0 = Debug|Any CPU
		{8657B47C-E9EE-4FE3-ABC3-E397518AB4DC}.Release|Any CPU.ActiveCfg = Release|Any CPU
		{8657B47C-E9EE-4FE3-ABC3-E397518AB4DC}.Release|Any CPU.Build.0 = Release|Any CPU
	EndGlobalSection
	GlobalSection(SolutionProperties) = preSolution
		HideSolutionNode = FALSE
	EndGlobalSection
EndGlobal
