
Microsoft Visual Studio Solution File, Format Version 12.00
# Visual Studio 15
VisualStudioVersion = 15.0.27428.2027
MinimumVisualStudioVersion = 10.0.40219.1
Project("{FAE04EC0-301F-11D3-BF4B-00C04F79EFBC}") = "062animation-script", "062animation-script.csproj", "{6282D628-6380-4130-A9FC-B687380D70CB}"
EndProject
Global
	GlobalSection(SolutionConfigurationPlatforms) = preSolution
		Debug|Any CPU = Debug|Any CPU
		Release|Any CPU = Release|Any CPU
	EndGlobalSection
	GlobalSection(ProjectConfigurationPlatforms) = postSolution
		{6282D628-6380-4130-A9FC-B687380D70CB}.Debug|Any CPU.ActiveCfg = Debug|Any CPU
		{6282D628-6380-4130-A9FC-B687380D70CB}.Debug|Any CPU.Build.0 = Debug|Any CPU
		{6282D628-6380-4130-A9FC-B687380D70CB}.Release|Any CPU.ActiveCfg = Release|Any CPU
		{6282D628-6380-4130-A9FC-B687380D70CB}.Release|Any CPU.Build.0 = Release|Any CPU
	EndGlobalSection
	GlobalSection(SolutionProperties) = preSolution
		HideSolutionNode = FALSE
	EndGlobalSection
	GlobalSection(ExtensibilityGlobals) = postSolution
		SolutionGuid = {0F4E8C1E-82A1-4553-9672-F183071DA2AE}
	EndGlobalSection
EndGlobal
