
Microsoft Visual Studio Solution File, Format Version 12.00
# Visual Studio 15
VisualStudioVersion = 15.0.27428.2027
MinimumVisualStudioVersion = 10.0.40219.1
Project("{FAE04EC0-301F-11D3-BF4B-00C04F79EFBC}") = "019raytracing", "019raytracing.csproj", "{C35BE4C2-CD0A-4708-8098-3072417D2F6E}"
EndProject
Global
	GlobalSection(SolutionConfigurationPlatforms) = preSolution
		Debug|Any CPU = Debug|Any CPU
		Release|Any CPU = Release|Any CPU
	EndGlobalSection
	GlobalSection(ProjectConfigurationPlatforms) = postSolution
		{C35BE4C2-CD0A-4708-8098-3072417D2F6E}.Debug|Any CPU.ActiveCfg = Debug|Any CPU
		{C35BE4C2-CD0A-4708-8098-3072417D2F6E}.Debug|Any CPU.Build.0 = Debug|Any CPU
		{C35BE4C2-CD0A-4708-8098-3072417D2F6E}.Release|Any CPU.ActiveCfg = Release|Any CPU
		{C35BE4C2-CD0A-4708-8098-3072417D2F6E}.Release|Any CPU.Build.0 = Release|Any CPU
	EndGlobalSection
	GlobalSection(SolutionProperties) = preSolution
		HideSolutionNode = FALSE
	EndGlobalSection
	GlobalSection(ExtensibilityGlobals) = postSolution
		SolutionGuid = {C973B377-3CF9-4F4E-A8B4-B6F28C5D0E32}
	EndGlobalSection
EndGlobal
