
Microsoft Visual Studio Solution File, Format Version 11.00
# Visual Studio 2010
Project("{FAE04EC0-301F-11D3-BF4B-00C04F79EFBC}") = "007bluenoise", "007bluenoise.csproj", "{C24AAF19-71FA-4641-9126-D9DCCB59F68F}"
EndProject
Global
	GlobalSection(SolutionConfigurationPlatforms) = preSolution
		Debug|Any CPU = Debug|Any CPU
		Release|Any CPU = Release|Any CPU
	EndGlobalSection
	GlobalSection(ProjectConfigurationPlatforms) = postSolution
		{C24AAF19-71FA-4641-9126-D9DCCB59F68F}.Debug|Any CPU.ActiveCfg = Debug|Any CPU
		{C24AAF19-71FA-4641-9126-D9DCCB59F68F}.Debug|Any CPU.Build.0 = Debug|Any CPU
		{C24AAF19-71FA-4641-9126-D9DCCB59F68F}.Release|Any CPU.ActiveCfg = Release|Any CPU
		{C24AAF19-71FA-4641-9126-D9DCCB59F68F}.Release|Any CPU.Build.0 = Release|Any CPU
	EndGlobalSection
	GlobalSection(SolutionProperties) = preSolution
		HideSolutionNode = FALSE
	EndGlobalSection
EndGlobal
