
Microsoft Visual Studio Solution File, Format Version 11.00
# Visual Studio 2010
Project("{FAE04EC0-301F-11D3-BF4B-00C04F79EFBC}") = "008kdtree", "008kdtree.csproj", "{F9BB77F1-4289-4E6B-A2FB-A176880F0264}"
EndProject
Global
	GlobalSection(SolutionConfigurationPlatforms) = preSolution
		Debug|Any CPU = Debug|Any CPU
		Release|Any CPU = Release|Any CPU
	EndGlobalSection
	GlobalSection(ProjectConfigurationPlatforms) = postSolution
		{F9BB77F1-4289-4E6B-A2FB-A176880F0264}.Debug|Any CPU.ActiveCfg = Debug|Any CPU
		{F9BB77F1-4289-4E6B-A2FB-A176880F0264}.Debug|Any CPU.Build.0 = Debug|Any CPU
		{F9BB77F1-4289-4E6B-A2FB-A176880F0264}.Release|Any CPU.ActiveCfg = Release|Any CPU
		{F9BB77F1-4289-4E6B-A2FB-A176880F0264}.Release|Any CPU.Build.0 = Release|Any CPU
	EndGlobalSection
	GlobalSection(SolutionProperties) = preSolution
		HideSolutionNode = FALSE
	EndGlobalSection
EndGlobal
