
Microsoft Visual Studio Solution File, Format Version 12.00
# Visual Studio Version 16
VisualStudioVersion = 16.0.31605.320
MinimumVisualStudioVersion = 10.0.40219.1
Project("{FAE04EC0-301F-11D3-BF4B-00C04F79EFBC}") = "051", "051.csproj", "{83228D2F-C899-449D-9BDA-91585114193F}"
EndProject
Global
	GlobalSection(SolutionConfigurationPlatforms) = preSolution
		Debug|Any CPU = Debug|Any CPU
		Release|Any CPU = Release|Any CPU
	EndGlobalSection
	GlobalSection(ProjectConfigurationPlatforms) = postSolution
		{83228D2F-C899-449D-9BDA-91585114193F}.Debug|Any CPU.ActiveCfg = Debug|Any CPU
		{83228D2F-C899-449D-9BDA-91585114193F}.Debug|Any CPU.Build.0 = Debug|Any CPU
		{83228D2F-C899-449D-9BDA-91585114193F}.Release|Any CPU.ActiveCfg = Release|Any CPU
		{83228D2F-C899-449D-9BDA-91585114193F}.Release|Any CPU.Build.0 = Release|Any CPU
	EndGlobalSection
	GlobalSection(SolutionProperties) = preSolution
		HideSolutionNode = FALSE
	EndGlobalSection
	GlobalSection(ExtensibilityGlobals) = postSolution
		SolutionGuid = {A914C359-276E-4433-A0C6-251BA30B7F43}
	EndGlobalSection
EndGlobal
